
Microsoft Visual Studio Solution File, Format Version 12.00
# Visual Studio 15
VisualStudioVersion = 15.0.26430.15
MinimumVisualStudioVersion = 10.0.40219.1
Project("{FAE04EC0-301F-11D3-BF4B-00C04F79EFBC}") = "SqlServerConnections", "SqlServerConnections\SqlServerConnections.csproj", "{F083DA51-AC69-4FE0-A9B6-28844D2F197A}"
EndProject
Global
	GlobalSection(SolutionConfigurationPlatforms) = preSolution
		Debug|Any CPU = Debug|Any CPU
		Release|Any CPU = Release|Any CPU
	EndGlobalSection
	GlobalSection(ProjectConfigurationPlatforms) = postSolution
		{F083DA51-AC69-4FE0-A9B6-28844D2F197A}.Debug|Any CPU.ActiveCfg = Debug|Any CPU
		{F083DA51-AC69-4FE0-A9B6-28844D2F197A}.Debug|Any CPU.Build.0 = Debug|Any CPU
		{F083DA51-AC69-4FE0-A9B6-28844D2F197A}.Release|Any CPU.ActiveCfg = Release|Any CPU
		{F083DA51-AC69-4FE0-A9B6-28844D2F197A}.Release|Any CPU.Build.0 = Release|Any CPU
	EndGlobalSection
	GlobalSection(SolutionProperties) = preSolution
		HideSolutionNode = FALSE
	EndGlobalSection
EndGlobal
