
Microsoft Visual Studio Solution File, Format Version 12.00
# Visual Studio 2013
VisualStudioVersion = 12.0.40629.0
MinimumVisualStudioVersion = 10.0.40219.1
Project("{FAE04EC0-301F-11D3-BF4B-00C04F79EFBC}") = "CArrayListIntro", "CArrayListIntro\CArrayListIntro.csproj", "{CCCA6B2D-A823-4AE3-944C-319DCCDA0695}"
EndProject
Global
	GlobalSection(SolutionConfigurationPlatforms) = preSolution
		Debug|Any CPU = Debug|Any CPU
		Release|Any CPU = Release|Any CPU
	EndGlobalSection
	GlobalSection(ProjectConfigurationPlatforms) = postSolution
		{CCCA6B2D-A823-4AE3-944C-319DCCDA0695}.Debug|Any CPU.ActiveCfg = Debug|Any CPU
		{CCCA6B2D-A823-4AE3-944C-319DCCDA0695}.Debug|Any CPU.Build.0 = Debug|Any CPU
		{CCCA6B2D-A823-4AE3-944C-319DCCDA0695}.Release|Any CPU.ActiveCfg = Release|Any CPU
		{CCCA6B2D-A823-4AE3-944C-319DCCDA0695}.Release|Any CPU.Build.0 = Release|Any CPU
	EndGlobalSection
	GlobalSection(SolutionProperties) = preSolution
		HideSolutionNode = FALSE
	EndGlobalSection
EndGlobal
